// !$*UTF8*$!
{
	archiveVersion = 1;
	classes = {
	};
	objectVersion = 56;
	objects = {

/* Begin PBXBuildFile section */
		8A22BFDD2C63800C00EC358B /* StockExerciseApp.swift in Sources */ = {isa = PBXBuildFile; fileRef = 8A22BFDC2C63800C00EC358B /* StockExerciseApp.swift */; };
		8A22BFDF2C63800C00EC358B /* StockTrackerView.swift in Sources */ = {isa = PBXBuildFile; fileRef = 8A22BFDE2C63800C00EC358B /* StockTrackerView.swift */; };
		8A22BFE12C63800D00EC358B /* Assets.xcassets in Resources */ = {isa = PBXBuildFile; fileRef = 8A22BFE02C63800D00EC358B /* Assets.xcassets */; };
		8A22BFE42C63800D00EC358B /* Preview Assets.xcassets in Resources */ = {isa = PBXBuildFile; fileRef = 8A22BFE32C63800D00EC358B /* Preview Assets.xcassets */; };
		8A22BFEE2C63800E00EC358B /* StockExerciseTests.swift in Sources */ = {isa = PBXBuildFile; fileRef = 8A22BFED2C63800E00EC358B /* StockExerciseTests.swift */; };
		8A22BFF82C63800E00EC358B /* StockExerciseUITests.swift in Sources */ = {isa = PBXBuildFile; fileRef = 8A22BFF72C63800E00EC358B /* StockExerciseUITests.swift */; };
		8A22BFFA2C63800E00EC358B /* StockExerciseUITestsLaunchTests.swift in Sources */ = {isa = PBXBuildFile; fileRef = 8A22BFF92C63800E00EC358B /* StockExerciseUITestsLaunchTests.swift */; };
/* End PBXBuildFile section */

/* Begin PBXContainerItemProxy section */
		8A22BFEA2C63800E00EC358B /* PBXContainerItemProxy */ = {
			isa = PBXContainerItemProxy;
			containerPortal = 8A22BFD12C63800C00EC358B /* Project object */;
			proxyType = 1;
			remoteGlobalIDString = 8A22BFD82C63800C00EC358B;
			remoteInfo = StockExercise;
		};
		8A22BFF42C63800E00EC358B /* PBXContainerItemProxy */ = {
			isa = PBXContainerItemProxy;
			containerPortal = 8A22BFD12C63800C00EC358B /* Project object */;
			proxyType = 1;
			remoteGlobalIDString = 8A22BFD82C63800C00EC358B;
			remoteInfo = StockExercise;
		};
/* End PBXContainerItemProxy section */

/* Begin PBXFileReference section */
		8A22BFD92C63800C00EC358B /* StockExercise.app */ = {isa = PBXFileReference; explicitFileType = wrapper.application; includeInIndex = 0; path = StockExercise.app; sourceTree = BUILT_PRODUCTS_DIR; };
		8A22BFDC2C63800C00EC358B /* StockExerciseApp.swift */ = {isa = PBXFileReference; lastKnownFileType = sourcecode.swift; path = StockExerciseApp.swift; sourceTree = "<group>"; };
		8A22BFDE2C63800C00EC358B /* StockTrackerView.swift */ = {isa = PBXFileReference; lastKnownFileType = sourcecode.swift; path = StockTrackerView.swift; sourceTree = "<group>"; };
		8A22BFE02C63800D00EC358B /* Assets.xcassets */ = {isa = PBXFileReference; lastKnownFileType = folder.assetcatalog; path = Assets.xcassets; sourceTree = "<group>"; };
		8A22BFE32C63800D00EC358B /* Preview Assets.xcassets */ = {isa = PBXFileReference; lastKnownFileType = folder.assetcatalog; path = "Preview Assets.xcassets"; sourceTree = "<group>"; };
		8A22BFE92C63800E00EC358B /* StockExerciseTests.xctest */ = {isa = PBXFileReference; explicitFileType = wrapper.cfbundle; includeInIndex = 0; path = StockExerciseTests.xctest; sourceTree = BUILT_PRODUCTS_DIR; };
		8A22BFED2C63800E00EC358B /* StockExerciseTests.swift */ = {isa = PBXFileReference; lastKnownFileType = sourcecode.swift; path = StockExerciseTests.swift; sourceTree = "<group>"; };
		8A22BFF32C63800E00EC358B /* StockExerciseUITests.xctest */ = {isa = PBXFileReference; explicitFileType = wrapper.cfbundle; includeInIndex = 0; path = StockExerciseUITests.xctest; sourceTree = BUILT_PRODUCTS_DIR; };
		8A22BFF72C63800E00EC358B /* StockExerciseUITests.swift */ = {isa = PBXFileReference; lastKnownFileType = sourcecode.swift; path = StockExerciseUITests.swift; sourceTree = "<group>"; };
		8A22BFF92C63800E00EC358B /* StockExerciseUITestsLaunchTests.swift */ = {isa = PBXFileReference; lastKnownFileType = sourcecode.swift; path = StockExerciseUITestsLaunchTests.swift; sourceTree = "<group>"; };
/* End PBXFileReference section */

/* Begin PBXFrameworksBuildPhase section */
		8A22BFD62C63800C00EC358B /* Frameworks */ = {
			isa = PBXFrameworksBuildPhase;
			buildActionMask = 2147483647;
			files = (
			);
			runOnlyForDeploymentPostprocessing = 0;
		};
		8A22BFE62C63800E00EC358B /* Frameworks */ = {
			isa = PBXFrameworksBuildPhase;
			buildActionMask = 2147483647;
			files = (
			);
			runOnlyForDeploymentPostprocessing = 0;
		};
		8A22BFF02C63800E00EC358B /* Frameworks */ = {
			isa = PBXFrameworksBuildPhase;
			buildActionMask = 2147483647;
			files = (
			);
			runOnlyForDeploymentPostprocessing = 0;
		};
/* End PBXFrameworksBuildPhase section */

/* Begin PBXGroup section */
		8A22BFD02C63800C00EC358B = {
			isa = PBXGroup;
			children = (
				8A22BFDB2C63800C00EC358B /* StockExercise */,
				8A22BFEC2C63800E00EC358B /* StockExerciseTests */,
				8A22BFF62C63800E00EC358B /* StockExerciseUITests */,
				8A22BFDA2C63800C00EC358B /* Products */,
			);
			sourceTree = "<group>";
		};
		8A22BFDA2C63800C00EC358B /* Products */ = {
			isa = PBXGroup;
			children = (
				8A22BFD92C63800C00EC358B /* StockExercise.app */,
				8A22BFE92C63800E00EC358B /* StockExerciseTests.xctest */,
				8A22BFF32C63800E00EC358B /* StockExerciseUITests.xctest */,
			);
			name = Products;
			sourceTree = "<group>";
		};
		8A22BFDB2C63800C00EC358B /* StockExercise */ = {
			isa = PBXGroup;
			children = (
				8A22BFDC2C63800C00EC358B /* StockExerciseApp.swift */,
				8A22BFDE2C63800C00EC358B /* StockTrackerView.swift */,
				8A22BFE02C63800D00EC358B /* Assets.xcassets */,
				8A22BFE22C63800D00EC358B /* Preview Content */,
			);
			path = StockExercise;
			sourceTree = "<group>";
		};
		8A22BFE22C63800D00EC358B /* Preview Content */ = {
			isa = PBXGroup;
			children = (
				8A22BFE32C63800D00EC358B /* Preview Assets.xcassets */,
			);
			path = "Preview Content";
			sourceTree = "<group>";
		};
		8A22BFEC2C63800E00EC358B /* StockExerciseTests */ = {
			isa = PBXGroup;
			children = (
				8A22BFED2C63800E00EC358B /* StockExerciseTests.swift */,
			);
			path = StockExerciseTests;
			sourceTree = "<group>";
		};
		8A22BFF62C63800E00EC358B /* StockExerciseUITests */ = {
			isa = PBXGroup;
			children = (
				8A22BFF72C63800E00EC358B /* StockExerciseUITests.swift */,
				8A22BFF92C63800E00EC358B /* StockExerciseUITestsLaunchTests.swift */,
			);
			path = StockExerciseUITests;
			sourceTree = "<group>";
		};
/* End PBXGroup section */

/* Begin PBXNativeTarget section */
		8A22BFD82C63800C00EC358B /* StockExercise */ = {
			isa = PBXNativeTarget;
			buildConfigurationList = 8A22BFFD2C63800E00EC358B /* Build configuration list for PBXNativeTarget "StockExercise" */;
			buildPhases = (
				8A22BFD52C63800C00EC358B /* Sources */,
				8A22BFD62C63800C00EC358B /* Frameworks */,
				8A22BFD72C63800C00EC358B /* Resources */,
			);
			buildRules = (
			);
			dependencies = (
			);
			name = StockExercise;
			productName = StockExercise;
			productReference = 8A22BFD92C63800C00EC358B /* StockExercise.app */;
			productType = "com.apple.product-type.application";
		};
		8A22BFE82C63800E00EC358B /* StockExerciseTests */ = {
			isa = PBXNativeTarget;
			buildConfigurationList = 8A22C0002C63800E00EC358B /* Build configuration list for PBXNativeTarget "StockExerciseTests" */;
			buildPhases = (
				8A22BFE52C63800E00EC358B /* Sources */,
				8A22BFE62C63800E00EC358B /* Frameworks */,
				8A22BFE72C63800E00EC358B /* Resources */,
			);
			buildRules = (
			);
			dependencies = (
				8A22BFEB2C63800E00EC358B /* PBXTargetDependency */,
			);
			name = StockExerciseTests;
			productName = StockExerciseTests;
			productReference = 8A22BFE92C63800E00EC358B /* StockExerciseTests.xctest */;
			productType = "com.apple.product-type.bundle.unit-test";
		};
		8A22BFF22C63800E00EC358B /* StockExerciseUITests */ = {
			isa = PBXNativeTarget;
			buildConfigurationList = 8A22C0032C63800E00EC358B /* Build configuration list for PBXNativeTarget "StockExerciseUITests" */;
			buildPhases = (
				8A22BFEF2C63800E00EC358B /* Sources */,
				8A22BFF02C63800E00EC358B /* Frameworks */,
				8A22BFF12C63800E00EC358B /* Resources */,
			);
			buildRules = (
			);
			dependencies = (
				8A22BFF52C63800E00EC358B /* PBXTargetDependency */,
			);
			name = StockExerciseUITests;
			productName = StockExerciseUITests;
			productReference = 8A22BFF32C63800E00EC358B /* StockExerciseUITests.xctest */;
			productType = "com.apple.product-type.bundle.ui-testing";
		};
/* End PBXNativeTarget section */

/* Begin PBXProject section */
		8A22BFD12C63800C00EC358B /* Project object */ = {
			isa = PBXProject;
			attributes = {
				BuildIndependentTargetsInParallel = 1;
				LastSwiftUpdateCheck = 1540;
				LastUpgradeCheck = 1540;
				TargetAttributes = {
					8A22BFD82C63800C00EC358B = {
						CreatedOnToolsVersion = 15.4;
					};
					8A22BFE82C63800E00EC358B = {
						CreatedOnToolsVersion = 15.4;
						TestTargetID = 8A22BFD82C63800C00EC358B;
					};
					8A22BFF22C63800E00EC358B = {
						CreatedOnToolsVersion = 15.4;
						TestTargetID = 8A22BFD82C63800C00EC358B;
					};
				};
			};
			buildConfigurationList = 8A22BFD42C63800C00EC358B /* Build configuration list for PBXProject "StockExercise" */;
			compatibilityVersion = "Xcode 14.0";
			developmentRegion = en;
			hasScannedForEncodings = 0;
			knownRegions = (
				en,
				Base,
			);
			mainGroup = 8A22BFD02C63800C00EC358B;
			productRefGroup = 8A22BFDA2C63800C00EC358B /* Products */;
			projectDirPath = "";
			projectRoot = "";
			targets = (
				8A22BFD82C63800C00EC358B /* StockExercise */,
				8A22BFE82C63800E00EC358B /* StockExerciseTests */,
				8A22BFF22C63800E00EC358B /* StockExerciseUITests */,
			);
		};
/* End PBXProject section */

/* Begin PBXResourcesBuildPhase section */
		8A22BFD72C63800C00EC358B /* Resources */ = {
			isa = PBXResourcesBuildPhase;
			buildActionMask = 2147483647;
			files = (
				8A22BFE42C63800D00EC358B /* Preview Assets.xcassets in Resources */,
				8A22BFE12C63800D00EC358B /* Assets.xcassets in Resources */,
			);
			runOnlyForDeploymentPostprocessing = 0;
		};
		8A22BFE72C63800E00EC358B /* Resources */ = {
			isa = PBXResourcesBuildPhase;
			buildActionMask = 2147483647;
			files = (
			);
			runOnlyForDeploymentPostprocessing = 0;
		};
		8A22BFF12C63800E00EC358B /* Resources */ = {
			isa = PBXResourcesBuildPhase;
			buildActionMask = 2147483647;
			files = (
			);
			runOnlyForDeploymentPostprocessing = 0;
		};
/* End PBXResourcesBuildPhase section */

/* Begin PBXSourcesBuildPhase section */
		8A22BFD52C63800C00EC358B /* Sources */ = {
			isa = PBXSourcesBuildPhase;
			buildActionMask = 2147483647;
			files = (
				8A22BFDF2C63800C00EC358B /* StockTrackerView.swift in Sources */,
				8A22BFDD2C63800C00EC358B /* StockExerciseApp.swift in Sources */,
			);
			runOnlyForDeploymentPostprocessing = 0;
		};
		8A22BFE52C63800E00EC358B /* Sources */ = {
			isa = PBXSourcesBuildPhase;
			buildActionMask = 2147483647;
			files = (
				8A22BFEE2C63800E00EC358B /* StockExerciseTests.swift in Sources */,
			);
			runOnlyForDeploymentPostprocessing = 0;
		};
		8A22BFEF2C63800E00EC358B /* Sources */ = {
			isa = PBXSourcesBuildPhase;
			buildActionMask = 2147483647;
			files = (
				8A22BFF82C63800E00EC358B /* StockExerciseUITests.swift in Sources */,
				8A22BFFA2C63800E00EC358B /* StockExerciseUITestsLaunchTests.swift in Sources */,
			);
			runOnlyForDeploymentPostprocessing = 0;
		};
/* End PBXSourcesBuildPhase section */

/* Begin PBXTargetDependency section */
		8A22BFEB2C63800E00EC358B /* PBXTargetDependency */ = {
			isa = PBXTargetDependency;
			target = 8A22BFD82C63800C00EC358B /* StockExercise */;
			targetProxy = 8A22BFEA2C63800E00EC358B /* PBXContainerItemProxy */;
		};
		8A22BFF52C63800E00EC358B /* PBXTargetDependency */ = {
			isa = PBXTargetDependency;
			target = 8A22BFD82C63800C00EC358B /* StockExercise */;
			targetProxy = 8A22BFF42C63800E00EC358B /* PBXContainerItemProxy */;
		};
/* End PBXTargetDependency section */

/* Begin XCBuildConfiguration section */
		8A22BFFB2C63800E00EC358B /* Debug */ = {
			isa = XCBuildConfiguration;
			buildSettings = {
				ALWAYS_SEARCH_USER_PATHS = NO;
				ASSETCATALOG_COMPILER_GENERATE_SWIFT_ASSET_SYMBOL_EXTENSIONS = YES;
				CLANG_ANALYZER_NONNULL = YES;
				CLANG_ANALYZER_NUMBER_OBJECT_CONVERSION = YES_AGGRESSIVE;
				CLANG_CXX_LANGUAGE_STANDARD = "gnu++20";
				CLANG_ENABLE_MODULES = YES;
				CLANG_ENABLE_OBJC_ARC = YES;
				CLANG_ENABLE_OBJC_WEAK = YES;
				CLANG_WARN_BLOCK_CAPTURE_AUTORELEASING = YES;
				CLANG_WARN_BOOL_CONVERSION = YES;
				CLANG_WARN_COMMA = YES;
				CLANG_WARN_CONSTANT_CONVERSION = YES;
				CLANG_WARN_DEPRECATED_OBJC_IMPLEMENTATIONS = YES;
				CLANG_WARN_DIRECT_OBJC_ISA_USAGE = YES_ERROR;
				CLANG_WARN_DOCUMENTATION_COMMENTS = YES;
				CLANG_WARN_EMPTY_BODY = YES;
				CLANG_WARN_ENUM_CONVERSION = YES;
				CLANG_WARN_INFINITE_RECURSION = YES;
				CLANG_WARN_INT_CONVERSION = YES;
				CLANG_WARN_NON_LITERAL_NULL_CONVERSION = YES;
				CLANG_WARN_OBJC_IMPLICIT_RETAIN_SELF = YES;
				CLANG_WARN_OBJC_LITERAL_CONVERSION = YES;
				CLANG_WARN_OBJC_ROOT_CLASS = YES_ERROR;
				CLANG_WARN_QUOTED_INCLUDE_IN_FRAMEWORK_HEADER = YES;
				CLANG_WARN_RANGE_LOOP_ANALYSIS = YES;
				CLANG_WARN_STRICT_PROTOTYPES = YES;
				CLANG_WARN_SUSPICIOUS_MOVE = YES;
				CLANG_WARN_UNGUARDED_AVAILABILITY = YES_AGGRESSIVE;
				CLANG_WARN_UNREACHABLE_CODE = YES;
				CLANG_WARN__DUPLICATE_METHOD_MATCH = YES;
				COPY_PHASE_STRIP = NO;
				DEBUG_INFORMATION_FORMAT = dwarf;
				ENABLE_STRICT_OBJC_MSGSEND = YES;
				ENABLE_TESTABILITY = YES;
				ENABLE_USER_SCRIPT_SANDBOXING = YES;
				GCC_C_LANGUAGE_STANDARD = gnu17;
				GCC_DYNAMIC_NO_PIC = NO;
				GCC_NO_COMMON_BLOCKS = YES;
				GCC_OPTIMIZATION_LEVEL = 0;
				GCC_PREPROCESSOR_DEFINITIONS = (
					"DEBUG=1",
					"$(inherited)",
				);
				GCC_WARN_64_TO_32_BIT_CONVERSION = YES;
				GCC_WARN_ABOUT_RETURN_TYPE = YES_ERROR;
				GCC_WARN_UNDECLARED_SELECTOR = YES;
				GCC_WARN_UNINITIALIZED_AUTOS = YES_AGGRESSIVE;
				GCC_WARN_UNUSED_FUNCTION = YES;
				GCC_WARN_UNUSED_VARIABLE = YES;
				IPHONEOS_DEPLOYMENT_TARGET = 17.5;
				LOCALIZATION_PREFERS_STRING_CATALOGS = YES;
				MTL_ENABLE_DEBUG_INFO = INCLUDE_SOURCE;
				MTL_FAST_MATH = YES;
				ONLY_ACTIVE_ARCH = YES;
				SDKROOT = iphoneos;
				SWIFT_ACTIVE_COMPILATION_CONDITIONS = "DEBUG $(inherited)";
				SWIFT_OPTIMIZATION_LEVEL = "-Onone";
			};
			name = Debug;
		};
		8A22BFFC2C63800E00EC358B /* Release */ = {
			isa = XCBuildConfiguration;
			buildSettings = {
				ALWAYS_SEARCH_USER_PATHS = NO;
				ASSETCATALOG_COMPILER_GENERATE_SWIFT_ASSET_SYMBOL_EXTENSIONS = YES;
				CLANG_ANALYZER_NONNULL = YES;
				CLANG_ANALYZER_NUMBER_OBJECT_CONVERSION = YES_AGGRESSIVE;
				CLANG_CXX_LANGUAGE_STANDARD = "gnu++20";
				CLANG_ENABLE_MODULES = YES;
				CLANG_ENABLE_OBJC_ARC = YES;
				CLANG_ENABLE_OBJC_WEAK = YES;
				CLANG_WARN_BLOCK_CAPTURE_AUTORELEASING = YES;
				CLANG_WARN_BOOL_CONVERSION = YES;
				CLANG_WARN_COMMA = YES;
				CLANG_WARN_CONSTANT_CONVERSION = YES;
				CLANG_WARN_DEPRECATED_OBJC_IMPLEMENTATIONS = YES;
				CLANG_WARN_DIRECT_OBJC_ISA_USAGE = YES_ERROR;
				CLANG_WARN_DOCUMENTATION_COMMENTS = YES;
				CLANG_WARN_EMPTY_BODY = YES;
				CLANG_WARN_ENUM_CONVERSION = YES;
				CLANG_WARN_INFINITE_RECURSION = YES;
				CLANG_WARN_INT_CONVERSION = YES;
				CLANG_WARN_NON_LITERAL_NULL_CONVERSION = YES;
				CLANG_WARN_OBJC_IMPLICIT_RETAIN_SELF = YES;
				CLANG_WARN_OBJC_LITERAL_CONVERSION = YES;
				CLANG_WARN_OBJC_ROOT_CLASS = YES_ERROR;
				CLANG_WARN_QUOTED_INCLUDE_IN_FRAMEWORK_HEADER = YES;
				CLANG_WARN_RANGE_LOOP_ANALYSIS = YES;
				CLANG_WARN_STRICT_PROTOTYPES = YES;
				CLANG_WARN_SUSPICIOUS_MOVE = YES;
				CLANG_WARN_UNGUARDED_AVAILABILITY = YES_AGGRESSIVE;
				CLANG_WARN_UNREACHABLE_CODE = YES;
				CLANG_WARN__DUPLICATE_METHOD_MATCH = YES;
				COPY_PHASE_STRIP = NO;
				DEBUG_INFORMATION_FORMAT = "dwarf-with-dsym";
				ENABLE_NS_ASSERTIONS = NO;
				ENABLE_STRICT_OBJC_MSGSEND = YES;
				ENABLE_USER_SCRIPT_SANDBOXING = YES;
				GCC_C_LANGUAGE_STANDARD = gnu17;
				GCC_NO_COMMON_BLOCKS = YES;
				GCC_WARN_64_TO_32_BIT_CONVERSION = YES;
				GCC_WARN_ABOUT_RETURN_TYPE = YES_ERROR;
				GCC_WARN_UNDECLARED_SELECTOR = YES;
				GCC_WARN_UNINITIALIZED_AUTOS = YES_AGGRESSIVE;
				GCC_WARN_UNUSED_FUNCTION = YES;
				GCC_WARN_UNUSED_VARIABLE = YES;
				IPHONEOS_DEPLOYMENT_TARGET = 17.5;
				LOCALIZATION_PREFERS_STRING_CATALOGS = YES;
				MTL_ENABLE_DEBUG_INFO = NO;
				MTL_FAST_MATH = YES;
				SDKROOT = iphoneos;
				SWIFT_COMPILATION_MODE = wholemodule;
				VALIDATE_PRODUCT = YES;
			};
			name = Release;
		};
		8A22BFFE2C63800E00EC358B /* Debug */ = {
			isa = XCBuildConfiguration;
			buildSettings = {
				ASSETCATALOG_COMPILER_APPICON_NAME = AppIcon;
				ASSETCATALOG_COMPILER_GLOBAL_ACCENT_COLOR_NAME = AccentColor;
				CODE_SIGN_STYLE = Automatic;
				CURRENT_PROJECT_VERSION = 1;
				DEVELOPMENT_ASSET_PATHS = "\"StockExercise/Preview Content\"";
				DEVELOPMENT_TEAM = 59VPT4KMHW;
				ENABLE_PREVIEWS = YES;
				GENERATE_INFOPLIST_FILE = YES;
				INFOPLIST_KEY_UIApplicationSceneManifest_Generation = YES;
				INFOPLIST_KEY_UIApplicationSupportsIndirectInputEvents = YES;
				INFOPLIST_KEY_UILaunchScreen_Generation = YES;
				INFOPLIST_KEY_UISupportedInterfaceOrientations_iPad = "UIInterfaceOrientationPortrait UIInterfaceOrientationPortraitUpsideDown UIInterfaceOrientationLandscapeLeft UIInterfaceOrientationLandscapeRight";
				INFOPLIST_KEY_UISupportedInterfaceOrientations_iPhone = "UIInterfaceOrientationPortrait UIInterfaceOrientationLandscapeLeft UIInterfaceOrientationLandscapeRight";
				LD_RUNPATH_SEARCH_PATHS = (
					"$(inherited)",
					"@executable_path/Frameworks",
				);
				MARKETING_VERSION = 1.0;
				PRODUCT_BUNDLE_IDENTIFIER = com.dcengineer.StockExercise;
				PRODUCT_NAME = "$(TARGET_NAME)";
				SWIFT_EMIT_LOC_STRINGS = YES;
				SWIFT_VERSION = 5.0;
				TARGETED_DEVICE_FAMILY = "1,2";
			};
			name = Debug;
		};
		8A22BFFF2C63800E00EC358B /* Release */ = {
			isa = XCBuildConfiguration;
			buildSettings = {
				ASSETCATALOG_COMPILER_APPICON_NAME = AppIcon;
				ASSETCATALOG_COMPILER_GLOBAL_ACCENT_COLOR_NAME = AccentColor;
				CODE_SIGN_STYLE = Automatic;
				CURRENT_PROJECT_VERSION = 1;
				DEVELOPMENT_ASSET_PATHS = "\"StockExercise/Preview Content\"";
				DEVELOPMENT_TEAM = 59VPT4KMHW;
				ENABLE_PREVIEWS = YES;
				GENERATE_INFOPLIST_FILE = YES;
				INFOPLIST_KEY_UIApplicationSceneManifest_Generation = YES;
				INFOPLIST_KEY_UIApplicationSupportsIndirectInputEvents = YES;
				INFOPLIST_KEY_UILaunchScreen_Generation = YES;
				INFOPLIST_KEY_UISupportedInterfaceOrientations_iPad = "UIInterfaceOrientationPortrait UIInterfaceOrientationPortraitUpsideDown UIInterfaceOrientationLandscapeLeft UIInterfaceOrientationLandscapeRight";
				INFOPLIST_KEY_UISupportedInterfaceOrientations_iPhone = "UIInterfaceOrientationPortrait UIInterfaceOrientationLandscapeLeft UIInterfaceOrientationLandscapeRight";
				LD_RUNPATH_SEARCH_PATHS = (
					"$(inherited)",
					"@executable_path/Frameworks",
				);
				MARKETING_VERSION = 1.0;
				PRODUCT_BUNDLE_IDENTIFIER = com.dcengineer.StockExercise;
				PRODUCT_NAME = "$(TARGET_NAME)";
				SWIFT_EMIT_LOC_STRINGS = YES;
				SWIFT_VERSION = 5.0;
				TARGETED_DEVICE_FAMILY = "1,2";
			};
			name = Release;
		};
		8A22C0012C63800E00EC358B /* Debug */ = {
			isa = XCBuildConfiguration;
			buildSettings = {
				ALWAYS_EMBED_SWIFT_STANDARD_LIBRARIES = YES;
				BUNDLE_LOADER = "$(TEST_HOST)";
				CODE_SIGN_STYLE = Automatic;
				CURRENT_PROJECT_VERSION = 1;
				DEVELOPMENT_TEAM = 59VPT4KMHW;
				GENERATE_INFOPLIST_FILE = YES;
				IPHONEOS_DEPLOYMENT_TARGET = 17.5;
				MARKETING_VERSION = 1.0;
				PRODUCT_BUNDLE_IDENTIFIER = com.dcengineer.StockExerciseTests;
				PRODUCT_NAME = "$(TARGET_NAME)";
				SWIFT_EMIT_LOC_STRINGS = NO;
				SWIFT_VERSION = 5.0;
				TARGETED_DEVICE_FAMILY = "1,2";
				TEST_HOST = "$(BUILT_PRODUCTS_DIR)/StockExercise.app/$(BUNDLE_EXECUTABLE_FOLDER_PATH)/StockExercise";
			};
			name = Debug;
		};
		8A22C0022C63800E00EC358B /* Release */ = {
			isa = XCBuildConfiguration;
			buildSettings = {
				ALWAYS_EMBED_SWIFT_STANDARD_LIBRARIES = YES;
				BUNDLE_LOADER = "$(TEST_HOST)";
				CODE_SIGN_STYLE = Automatic;
				CURRENT_PROJECT_VERSION = 1;
				DEVELOPMENT_TEAM = 59VPT4KMHW;
				GENERATE_INFOPLIST_FILE = YES;
				IPHONEOS_DEPLOYMENT_TARGET = 17.5;
				MARKETING_VERSION = 1.0;
				PRODUCT_BUNDLE_IDENTIFIER = com.dcengineer.StockExerciseTests;
				PRODUCT_NAME = "$(TARGET_NAME)";
				SWIFT_EMIT_LOC_STRINGS = NO;
				SWIFT_VERSION = 5.0;
				TARGETED_DEVICE_FAMILY = "1,2";
				TEST_HOST = "$(BUILT_PRODUCTS_DIR)/StockExercise.app/$(BUNDLE_EXECUTABLE_FOLDER_PATH)/StockExercise";
			};
			name = Release;
		};
		8A22C0042C63800E00EC358B /* Debug */ = {
			isa = XCBuildConfiguration;
			buildSettings = {
				ALWAYS_EMBED_SWIFT_STANDARD_LIBRARIES = YES;
				CODE_SIGN_STYLE = Automatic;
				CURRENT_PROJECT_VERSION = 1;
				DEVELOPMENT_TEAM = 59VPT4KMHW;
				GENERATE_INFOPLIST_FILE = YES;
				MARKETING_VERSION = 1.0;
				PRODUCT_BUNDLE_IDENTIFIER = com.dcengineer.StockExerciseUITests;
				PRODUCT_NAME = "$(TARGET_NAME)";
				SWIFT_EMIT_LOC_STRINGS = NO;
				SWIFT_VERSION = 5.0;
				TARGETED_DEVICE_FAMILY = "1,2";
				TEST_TARGET_NAME = StockExercise;
			};
			name = Debug;
		};
		8A22C0052C63800E00EC358B /* Release */ = {
			isa = XCBuildConfiguration;
			buildSettings = {
				ALWAYS_EMBED_SWIFT_STANDARD_LIBRARIES = YES;
				CODE_SIGN_STYLE = Automatic;
				CURRENT_PROJECT_VERSION = 1;
				DEVELOPMENT_TEAM = 59VPT4KMHW;
				GENERATE_INFOPLIST_FILE = YES;
				MARKETING_VERSION = 1.0;
				PRODUCT_BUNDLE_IDENTIFIER = com.dcengineer.StockExerciseUITests;
				PRODUCT_NAME = "$(TARGET_NAME)";
				SWIFT_EMIT_LOC_STRINGS = NO;
				SWIFT_VERSION = 5.0;
				TARGETED_DEVICE_FAMILY = "1,2";
				TEST_TARGET_NAME = StockExercise;
			};
			name = Release;
		};
/* End XCBuildConfiguration section */

/* Begin XCConfigurationList section */
		8A22BFD42C63800C00EC358B /* Build configuration list for PBXProject "StockExercise" */ = {
			isa = XCConfigurationList;
			buildConfigurations = (
				8A22BFFB2C63800E00EC358B /* Debug */,
				8A22BFFC2C63800E00EC358B /* Release */,
			);
			defaultConfigurationIsVisible = 0;
			defaultConfigurationName = Release;
		};
		8A22BFFD2C63800E00EC358B /* Build configuration list for PBXNativeTarget "StockExercise" */ = {
			isa = XCConfigurationList;
			buildConfigurations = (
				8A22BFFE2C63800E00EC358B /* Debug */,
				8A22BFFF2C63800E00EC358B /* Release */,
			);
			defaultConfigurationIsVisible = 0;
			defaultConfigurationName = Release;
		};
		8A22C0002C63800E00EC358B /* Build configuration list for PBXNativeTarget "StockExerciseTests" */ = {
			isa = XCConfigurationList;
			buildConfigurations = (
				8A22C0012C63800E00EC358B /* Debug */,
				8A22C0022C63800E00EC358B /* Release */,
			);
			defaultConfigurationIsVisible = 0;
			defaultConfigurationName = Release;
		};
		8A22C0032C63800E00EC358B /* Build configuration list for PBXNativeTarget "StockExerciseUITests" */ = {
			isa = XCConfigurationList;
			buildConfigurations = (
				8A22C0042C63800E00EC358B /* Debug */,
				8A22C0052C63800E00EC358B /* Release */,
			);
			defaultConfigurationIsVisible = 0;
			defaultConfigurationName = Release;
		};
/* End XCConfigurationList section */
	};
	rootObject = 8A22BFD12C63800C00EC358B /* Project object */;
}
